
Microsoft Visual Studio Solution File, Format Version 12.00
# Visual Studio Version 17
VisualStudioVersion = 17.10.35013.160
MinimumVisualStudioVersion = 10.0.40219.1
Project("{9A19103F-16F7-4668-BE54-9A1E7A4F7556}") = "LaboratorioClient", "LaboratorioClient.csproj", "{7458D148-96D7-4D15-9229-0E76E2AE25BE}"
EndProject
Global
	GlobalSection(SolutionConfigurationPlatforms) = preSolution
		Debug|Any CPU = Debug|Any CPU
		Release|Any CPU = Release|Any CPU
	EndGlobalSection
	GlobalSection(ProjectConfigurationPlatforms) = postSolution
		{7458D148-96D7-4D15-9229-0E76E2AE25BE}.Debug|Any CPU.ActiveCfg = Debug|Any CPU
		{7458D148-96D7-4D15-9229-0E76E2AE25BE}.Debug|Any CPU.Build.0 = Debug|Any CPU
		{7458D148-96D7-4D15-9229-0E76E2AE25BE}.Release|Any CPU.ActiveCfg = Release|Any CPU
		{7458D148-96D7-4D15-9229-0E76E2AE25BE}.Release|Any CPU.Build.0 = Release|Any CPU
	EndGlobalSection
	GlobalSection(SolutionProperties) = preSolution
		HideSolutionNode = FALSE
	EndGlobalSection
	GlobalSection(ExtensibilityGlobals) = postSolution
		SolutionGuid = {F577CCF5-8666-4C96-8A42-63872DC1A1CB}
	EndGlobalSection
EndGlobal
